
Microsoft Visual Studio Solution File, Format Version 12.00
# Visual Studio Version 16
VisualStudioVersion = 16.0.30907.101
MinimumVisualStudioVersion = 10.0.40219.1
Project("{FAE04EC0-301F-11D3-BF4B-00C04F79EFBC}") = "Primes", "Primes\Primes.csproj", "{0395C5FA-D0C9-4E4A-BCD8-106838D59F88}"
EndProject
Global
	GlobalSection(SolutionConfigurationPlatforms) = preSolution
		Debug|Any CPU = Debug|Any CPU
		Release|Any CPU = Release|Any CPU
	EndGlobalSection
	GlobalSection(ProjectConfigurationPlatforms) = postSolution
		{0395C5FA-D0C9-4E4A-BCD8-106838D59F88}.Debug|Any CPU.ActiveCfg = Debug|Any CPU
		{0395C5FA-D0C9-4E4A-BCD8-106838D59F88}.Debug|Any CPU.Build.0 = Debug|Any CPU
		{0395C5FA-D0C9-4E4A-BCD8-106838D59F88}.Release|Any CPU.ActiveCfg = Release|Any CPU
		{0395C5FA-D0C9-4E4A-BCD8-106838D59F88}.Release|Any CPU.Build.0 = Release|Any CPU
	EndGlobalSection
	GlobalSection(SolutionProperties) = preSolution
		HideSolutionNode = FALSE
	EndGlobalSection
	GlobalSection(ExtensibilityGlobals) = postSolution
		SolutionGuid = {531404F5-98F1-44D4-B54E-13F0FD8ACF6E}
	EndGlobalSection
EndGlobal
